
Microsoft Visual Studio Solution File, Format Version 12.00
# Visual Studio Version 17
VisualStudioVersion = 17.14.36301.6
MinimumVisualStudioVersion = 10.0.40219.1
Project("{FAE04EC0-301F-11D3-BF4B-00C04F79EFBC}") = "ListaDeCompras", "ListaDeCompras.csproj", "{FA311E26-4B54-43FF-9A4D-6F183FE38DF6}"
EndProject
Project("{FAE04EC0-301F-11D3-BF4B-00C04F79EFBC}") = "ListaDeCompras.Tests", "..\ListaDeCompras.Tests\ListaDeCompras.Tests.csproj", "{239D5FBF-AEA0-0111-1A9E-9EC1B6CB1A98}"
EndProject
Global
	GlobalSection(SolutionConfigurationPlatforms) = preSolution
		Debug|Any CPU = Debug|Any CPU
		Debug|x64 = Debug|x64
		Debug|x86 = Debug|x86
		Release|Any CPU = Release|Any CPU
		Release|x64 = Release|x64
		Release|x86 = Release|x86
	EndGlobalSection
	GlobalSection(ProjectConfigurationPlatforms) = postSolution
		{FA311E26-4B54-43FF-9A4D-6F183FE38DF6}.Debug|Any CPU.ActiveCfg = Debug|Any CPU
		{FA311E26-4B54-43FF-9A4D-6F183FE38DF6}.Debug|Any CPU.Build.0 = Debug|Any CPU
		{FA311E26-4B54-43FF-9A4D-6F183FE38DF6}.Debug|x64.ActiveCfg = Debug|Any CPU
		{FA311E26-4B54-43FF-9A4D-6F183FE38DF6}.Debug|x64.Build.0 = Debug|Any CPU
		{FA311E26-4B54-43FF-9A4D-6F183FE38DF6}.Debug|x86.ActiveCfg = Debug|Any CPU
		{FA311E26-4B54-43FF-9A4D-6F183FE38DF6}.Debug|x86.Build.0 = Debug|Any CPU
		{FA311E26-4B54-43FF-9A4D-6F183FE38DF6}.Release|Any CPU.ActiveCfg = Release|Any CPU
		{FA311E26-4B54-43FF-9A4D-6F183FE38DF6}.Release|Any CPU.Build.0 = Release|Any CPU
		{FA311E26-4B54-43FF-9A4D-6F183FE38DF6}.Release|x64.ActiveCfg = Release|Any CPU
		{FA311E26-4B54-43FF-9A4D-6F183FE38DF6}.Release|x64.Build.0 = Release|Any CPU
		{FA311E26-4B54-43FF-9A4D-6F183FE38DF6}.Release|x86.ActiveCfg = Release|Any CPU
		{FA311E26-4B54-43FF-9A4D-6F183FE38DF6}.Release|x86.Build.0 = Release|Any CPU
		{239D5FBF-AEA0-0111-1A9E-9EC1B6CB1A98}.Debug|Any CPU.ActiveCfg = Debug|Any CPU
		{239D5FBF-AEA0-0111-1A9E-9EC1B6CB1A98}.Debug|Any CPU.Build.0 = Debug|Any CPU
		{239D5FBF-AEA0-0111-1A9E-9EC1B6CB1A98}.Debug|x64.ActiveCfg = Debug|Any CPU
		{239D5FBF-AEA0-0111-1A9E-9EC1B6CB1A98}.Debug|x64.Build.0 = Debug|Any CPU
		{239D5FBF-AEA0-0111-1A9E-9EC1B6CB1A98}.Debug|x86.ActiveCfg = Debug|Any CPU
		{239D5FBF-AEA0-0111-1A9E-9EC1B6CB1A98}.Debug|x86.Build.0 = Debug|Any CPU
		{239D5FBF-AEA0-0111-1A9E-9EC1B6CB1A98}.Release|Any CPU.ActiveCfg = Release|Any CPU
		{239D5FBF-AEA0-0111-1A9E-9EC1B6CB1A98}.Release|Any CPU.Build.0 = Release|Any CPU
		{239D5FBF-AEA0-0111-1A9E-9EC1B6CB1A98}.Release|x64.ActiveCfg = Release|Any CPU
		{239D5FBF-AEA0-0111-1A9E-9EC1B6CB1A98}.Release|x64.Build.0 = Release|Any CPU
		{239D5FBF-AEA0-0111-1A9E-9EC1B6CB1A98}.Release|x86.ActiveCfg = Release|Any CPU
		{239D5FBF-AEA0-0111-1A9E-9EC1B6CB1A98}.Release|x86.Build.0 = Release|Any CPU
	EndGlobalSection
	GlobalSection(SolutionProperties) = preSolution
		HideSolutionNode = FALSE
	EndGlobalSection
	GlobalSection(ExtensibilityGlobals) = postSolution
		SolutionGuid = {3C243B35-74B7-4E58-B859-247F2E213403}
	EndGlobalSection
EndGlobal
